<?xml version="1.0" encoding="utf-8"?>
<Project ToolsVersion="4.0" xmlns="http://schemas.microsoft.com/developer/msbuild/2003">
  <ItemGroup>
    <Filter Include="源文件">
      <UniqueIdentifier>{4FC737F1-C7A5-4376-A066-2A32D752A2FF}</UniqueIdentifier>
      <Extensions>cpp;c;cc;cxx;c++;cppm;ixx;def;odl;idl;hpj;bat;asm;asmx</Extensions>
    </Filter>
    <Filter Include="头文件">
      <UniqueIdentifier>{93995380-89BD-4b04-88EB-625FBE52EBFB}</UniqueIdentifier>
      <Extensions>h;hh;hpp;hxx;h++;hm;inl;inc;ipp;xsd</Extensions>
    </Filter>
    <Filter Include="资源文件">
      <UniqueIdentifier>{67DA6AB6-F800-4c08-8B7A-83BB121AAD01}</UniqueIdentifier>
      <Extensions>rc;ico;cur;bmp;dlg;rc2;rct;bin;rgs;gif;jpg;jpeg;jpe;resx;tiff;tif;png;wav;mfcribbon-ms</Extensions>
    </Filter>
  </ItemGroup>
  <ItemGroup>
    <ClInclude Include="utils\combination_generator.h">
      <Filter>头文件</Filter>
    </ClInclude>
    <ClInclude Include="utils\doctest.h">
      <Filter>头文件</Filter>
    </ClInclude>
    <ClInclude Include="utils\hash_set.h">
      <Filter>头文件</Filter>
    </ClInclude>
    <ClInclude Include="utils\parameter_generator.h">
      <Filter>头文件</Filter>
    </ClInclude>
    <ClInclude Include="utils\unique_vector.h">
      <Filter>头文件</Filter>
    </ClInclude>
    <ClInclude Include="action.h">
      <Filter>头文件</Filter>
    </ClInclude>
    <ClInclude Include="axiom.h">
      <Filter>头文件</Filter>
    </ClInclude>
    <ClInclude Include="derived_predicate.h">
      <Filter>头文件</Filter>
    </ClInclude>
    <ClInclude Include="formula.h">
      <Filter>头文件</Filter>
    </ClInclude>
    <ClInclude Include="normal_form.h">
      <Filter>头文件</Filter>
    </ClInclude>
    <ClInclude Include="object.h">
      <Filter>头文件</Filter>
    </ClInclude>
    <ClInclude Include="pddl.h">
      <Filter>头文件</Filter>
    </ClInclude>
    <ClInclude Include="predicate.h">
      <Filter>头文件</Filter>
    </ClInclude>
    <ClInclude Include="proposition.h">
      <Filter>头文件</Filter>
    </ClInclude>
    <ClInclude Include="state.h">
      <Filter>头文件</Filter>
    </ClInclude>
    <ClInclude Include="addition.h">
      <Filter>头文件</Filter>
    </ClInclude>
    <ClInclude Include="abstraction.h">
      <Filter>头文件</Filter>
    </ClInclude>
    <ClInclude Include="np.h">
      <Filter>头文件</Filter>
    </ClInclude>
  </ItemGroup>
  <ItemGroup>
    <ClCompile Include="utils\doctest.cpp">
      <Filter>源文件</Filter>
    </ClCompile>
    <ClCompile Include="action.cpp">
      <Filter>源文件</Filter>
    </ClCompile>
    <ClCompile Include="axiom.cpp">
      <Filter>源文件</Filter>
    </ClCompile>
    <ClCompile Include="derived_predicate.cpp">
      <Filter>源文件</Filter>
    </ClCompile>
    <ClCompile Include="formula.cpp">
      <Filter>源文件</Filter>
    </ClCompile>
    <ClCompile Include="normal_form.cpp">
      <Filter>源文件</Filter>
    </ClCompile>
    <ClCompile Include="object.cpp">
      <Filter>源文件</Filter>
    </ClCompile>
    <ClCompile Include="pddl.cpp">
      <Filter>源文件</Filter>
    </ClCompile>
    <ClCompile Include="predicate.cpp">
      <Filter>源文件</Filter>
    </ClCompile>
    <ClCompile Include="proposition.cpp">
      <Filter>源文件</Filter>
    </ClCompile>
    <ClCompile Include="state.cpp">
      <Filter>源文件</Filter>
    </ClCompile>
    <ClCompile Include="utils\parameter_generator.cpp">
      <Filter>源文件</Filter>
    </ClCompile>
    <ClCompile Include="abstraction.cpp">
      <Filter>源文件</Filter>
    </ClCompile>
    <ClCompile Include="np.cpp">
      <Filter>源文件</Filter>
    </ClCompile>
    <ClCompile Include="mainABS.cpp">
      <Filter>源文件</Filter>
    </ClCompile>
  </ItemGroup>
</Project>